
Microsoft Visual Studio Solution File, Format Version 12.00
# Visual Studio 15
VisualStudioVersion = 15.0.28010.2016
MinimumVisualStudioVersion = 10.0.40219.1
Project("{FAE04EC0-301F-11D3-BF4B-00C04F79EFBC}") = "SqlServerCopy", "SqlServerCopy\SqlServerCopy.csproj", "{88201F23-1FE7-406F-92BA-14EDDF1FAB6B}"
EndProject
Global
	GlobalSection(SolutionConfigurationPlatforms) = preSolution
		Debug|Any CPU = Debug|Any CPU
		Release|Any CPU = Release|Any CPU
	EndGlobalSection
	GlobalSection(ProjectConfigurationPlatforms) = postSolution
		{88201F23-1FE7-406F-92BA-14EDDF1FAB6B}.Debug|Any CPU.ActiveCfg = Debug|Any CPU
		{88201F23-1FE7-406F-92BA-14EDDF1FAB6B}.Debug|Any CPU.Build.0 = Debug|Any CPU
		{88201F23-1FE7-406F-92BA-14EDDF1FAB6B}.Release|Any CPU.ActiveCfg = Release|Any CPU
		{88201F23-1FE7-406F-92BA-14EDDF1FAB6B}.Release|Any CPU.Build.0 = Release|Any CPU
	EndGlobalSection
	GlobalSection(SolutionProperties) = preSolution
		HideSolutionNode = FALSE
	EndGlobalSection
	GlobalSection(ExtensibilityGlobals) = postSolution
		SolutionGuid = {0D8061A0-4E4E-4F48-823F-537FFDF1470C}
	EndGlobalSection
EndGlobal
